{
  "nodes": {
    "beads": {
      "inputs": {
        "nixpkgs": "nixpkgs"
      },
      "locked": {
        "lastModified": 1789499639,
        "narHash": "sha256-QryUnK04c9Wm9/VgWoaOJW9M2HoZVZzSDMSMBtjKiyc=",
        "owner": "gastownhall",
        "repo": "beads",
        "rev": "f45b249ce6b40ba62aecc03949e6371e8f7c79d8",
        "type": "github"
      },
      "original": {
        "owner": "gastownhall",
        "ref": "v1.3.0",
        "repo": "beads",
        "type": "github"
      }
    },
    "crane": {
      "locked": {
        "lastModified": 1789760033,
        "narHash": "sha256-jtT4yxZpR8seYnlCMMWSSPlFN92zO6ICuZ8pJrmi86k=",
        "owner": "ipetkov",
        "repo": "crane",
        "rev": "73b980519cefc727a5f6cc8e5c0947a2f9be6edd",
        "type": "github"
      },
      "original": {
        "owner": "ipetkov",
        "repo": "crane",
        "type": "github"
      }
    },
    "flake-utils": {
      "inputs": {
        "systems": "systems"
      },
      "locked": {
        "lastModified": 1731533236,
        "narHash": "sha256-l0KFg5HjrsfsO/JpG+r7fRrqm12kzFHyUHqHCVpMMbI=",
        "owner": "numtide",
        "repo": "flake-utils",
        "rev": "11707dc2f618dd54ca8739b309ec4fc024de578b",
        "type": "github"
      },
      "original": {
        "owner": "numtide",
        "repo": "flake-utils",
        "type": "github"
      }
    },
    "nixpkgs": {
      "locked": {
        "lastModified": 1782847189,
        "narHash": "sha256-twXPFqFsrrY5r28Zh7Homgcp2gUMBgQ6WDS98Q/3xFI=",
        "owner": "NixOS",
        "repo": "nixpkgs",
        "rev": "b6018f87da91d19d0ab4cf979885689b469cdd41",
        "type": "github"
      },
      "original": {
        "owner": "NixOS",
        "ref": "nixos-25.11",
        "repo": "nixpkgs",
        "type": "github"
      }
    },
    "nixpkgs_2": {
      "locked": {
        "lastModified": 1789785513,
        "narHash": "sha256-B44WL6h0XoLjJ41bUPJk0X5SDinLCII//6EcBLXKiJ0=",
        "owner": "NixOS",
        "repo": "nixpkgs",
        "rev": "20b1ddd1aa5ace70c9468305030aa4f9ef79671b",
        "type": "github"
      },
      "original": {
        "owner": "NixOS",
        "ref": "nixos-unstable",
        "repo": "nixpkgs",
        "type": "github"
      }
    },
    "root": {
      "inputs": {
        "beads": "beads",
        "crane": "crane",
        "flake-utils": "flake-utils",
        "nixpkgs": "nixpkgs_2"
      }
    },
    "systems": {
      "locked": {
        "lastModified": 1681028828,
        "narHash": "sha256-Vy1rq5AaRuLzOxct8nz4T6wlgyUR7zLU309k9mBC768=",
        "owner": "nix-systems",
        "repo": "default",
        "rev": "da67096a3b9bf56a91d16901293e51ba5b49a27e",
        "type": "github"
      },
      "original": {
        "owner": "nix-systems",
        "repo": "default",
        "type": "github"
      }
    }
  },
  "root": "root",
  "version": 7
}
